
Microsoft Visual Studio Solution File, Format Version 12.00
# Visual Studio Version 17
VisualStudioVersion = 17.12.35521.163
MinimumVisualStudioVersion = 10.0.40219.1
Project("{FAE04EC0-301F-11D3-BF4B-00C04F79EFBC}") = "2", "2\2.csproj", "{8D495D5F-7C3F-4860-BCB9-A7D29C8BC93F}"
EndProject
Project("{FAE04EC0-301F-11D3-BF4B-00C04F79EFBC}") = "3", "3\3.csproj", "{BFAF6383-869A-4DC7-853A-086134787273}"
EndProject
Project("{FAE04EC0-301F-11D3-BF4B-00C04F79EFBC}") = "4", "4\4.csproj", "{238101C9-4A62-4C92-875B-55B59C7445AE}"
EndProject
Project("{FAE04EC0-301F-11D3-BF4B-00C04F79EFBC}") = "5", "5\5.csproj", "{0FB2278C-CF0D-4468-9A02-804E35ECE022}"
EndProject
Project("{FAE04EC0-301F-11D3-BF4B-00C04F79EFBC}") = "6", "6\6.csproj", "{05BF9ECC-728B-41D8-92BD-05FBAC9E7DCA}"
EndProject
Project("{FAE04EC0-301F-11D3-BF4B-00C04F79EFBC}") = "1", "1\1.csproj", "{480D5A72-7E23-4140-AE3C-18472AE42802}"
EndProject
Global
	GlobalSection(SolutionConfigurationPlatforms) = preSolution
		Debug|Any CPU = Debug|Any CPU
		Release|Any CPU = Release|Any CPU
	EndGlobalSection
	GlobalSection(ProjectConfigurationPlatforms) = postSolution
		{8D495D5F-7C3F-4860-BCB9-A7D29C8BC93F}.Debug|Any CPU.ActiveCfg = Debug|Any CPU
		{8D495D5F-7C3F-4860-BCB9-A7D29C8BC93F}.Debug|Any CPU.Build.0 = Debug|Any CPU
		{8D495D5F-7C3F-4860-BCB9-A7D29C8BC93F}.Release|Any CPU.ActiveCfg = Release|Any CPU
		{8D495D5F-7C3F-4860-BCB9-A7D29C8BC93F}.Release|Any CPU.Build.0 = Release|Any CPU
		{BFAF6383-869A-4DC7-853A-086134787273}.Debug|Any CPU.ActiveCfg = Debug|Any CPU
		{BFAF6383-869A-4DC7-853A-086134787273}.Debug|Any CPU.Build.0 = Debug|Any CPU
		{BFAF6383-869A-4DC7-853A-086134787273}.Release|Any CPU.ActiveCfg = Release|Any CPU
		{BFAF6383-869A-4DC7-853A-086134787273}.Release|Any CPU.Build.0 = Release|Any CPU
		{238101C9-4A62-4C92-875B-55B59C7445AE}.Debug|Any CPU.ActiveCfg = Debug|Any CPU
		{238101C9-4A62-4C92-875B-55B59C7445AE}.Debug|Any CPU.Build.0 = Debug|Any CPU
		{238101C9-4A62-4C92-875B-55B59C7445AE}.Release|Any CPU.ActiveCfg = Release|Any CPU
		{238101C9-4A62-4C92-875B-55B59C7445AE}.Release|Any CPU.Build.0 = Release|Any CPU
		{0FB2278C-CF0D-4468-9A02-804E35ECE022}.Debug|Any CPU.ActiveCfg = Debug|Any CPU
		{0FB2278C-CF0D-4468-9A02-804E35ECE022}.Debug|Any CPU.Build.0 = Debug|Any CPU
		{0FB2278C-CF0D-4468-9A02-804E35ECE022}.Release|Any CPU.ActiveCfg = Release|Any CPU
		{0FB2278C-CF0D-4468-9A02-804E35ECE022}.Release|Any CPU.Build.0 = Release|Any CPU
		{05BF9ECC-728B-41D8-92BD-05FBAC9E7DCA}.Debug|Any CPU.ActiveCfg = Debug|Any CPU
		{05BF9ECC-728B-41D8-92BD-05FBAC9E7DCA}.Debug|Any CPU.Build.0 = Debug|Any CPU
		{05BF9ECC-728B-41D8-92BD-05FBAC9E7DCA}.Release|Any CPU.ActiveCfg = Release|Any CPU
		{05BF9ECC-728B-41D8-92BD-05FBAC9E7DCA}.Release|Any CPU.Build.0 = Release|Any CPU
		{480D5A72-7E23-4140-AE3C-18472AE42802}.Debug|Any CPU.ActiveCfg = Debug|Any CPU
		{480D5A72-7E23-4140-AE3C-18472AE42802}.Debug|Any CPU.Build.0 = Debug|Any CPU
		{480D5A72-7E23-4140-AE3C-18472AE42802}.Release|Any CPU.ActiveCfg = Release|Any CPU
		{480D5A72-7E23-4140-AE3C-18472AE42802}.Release|Any CPU.Build.0 = Release|Any CPU
	EndGlobalSection
	GlobalSection(SolutionProperties) = preSolution
		HideSolutionNode = FALSE
	EndGlobalSection
EndGlobal
